
Microsoft Visual Studio Solution File, Format Version 12.00
# Visual Studio Version 16
Project("{8BC9CEB8-8B4A-11D0-8D11-00A0C91BC942}") = "ALL_BUILD", "ALL_BUILD.vcxproj", "{DA56EBAC-146D-383A-A4B0-D3AB0C97A012}"
	ProjectSection(ProjectDependencies) = postProject
		{ADFBD919-D090-3274-B7CB-A32C4ADF51BE} = {ADFBD919-D090-3274-B7CB-A32C4ADF51BE}
		{D467F0BC-3F28-3CE9-88C6-FCC1E44303A6} = {D467F0BC-3F28-3CE9-88C6-FCC1E44303A6}
		{6F1F0E86-A509-3974-BD3B-1BBAC4DF8DA5} = {6F1F0E86-A509-3974-BD3B-1BBAC4DF8DA5}
	EndProjectSection
EndProject
Project("{8BC9CEB8-8B4A-11D0-8D11-00A0C91BC942}") = "ZERO_CHECK", "ZERO_CHECK.vcxproj", "{ADFBD919-D090-3274-B7CB-A32C4ADF51BE}"
	ProjectSection(ProjectDependencies) = postProject
	EndProjectSection
EndProject
Project("{8BC9CEB8-8B4A-11D0-8D11-00A0C91BC942}") = "pybind11app", "pybind11app.vcxproj", "{D467F0BC-3F28-3CE9-88C6-FCC1E44303A6}"
	ProjectSection(ProjectDependencies) = postProject
		{ADFBD919-D090-3274-B7CB-A32C4ADF51BE} = {ADFBD919-D090-3274-B7CB-A32C4ADF51BE}
	EndProjectSection
EndProject
Project("{8BC9CEB8-8B4A-11D0-8D11-00A0C91BC942}") = "pybind11module", "pybind11module.vcxproj", "{6F1F0E86-A509-3974-BD3B-1BBAC4DF8DA5}"
	ProjectSection(ProjectDependencies) = postProject
		{ADFBD919-D090-3274-B7CB-A32C4ADF51BE} = {ADFBD919-D090-3274-B7CB-A32C4ADF51BE}
	EndProjectSection
EndProject
Global
	GlobalSection(SolutionConfigurationPlatforms) = preSolution
		Debug|x64 = Debug|x64
		Release|x64 = Release|x64
		MinSizeRel|x64 = MinSizeRel|x64
		RelWithDebInfo|x64 = RelWithDebInfo|x64
	EndGlobalSection
	GlobalSection(ProjectConfigurationPlatforms) = postSolution
		{DA56EBAC-146D-383A-A4B0-D3AB0C97A012}.Debug|x64.ActiveCfg = Debug|x64
		{DA56EBAC-146D-383A-A4B0-D3AB0C97A012}.Release|x64.ActiveCfg = Release|x64
		{DA56EBAC-146D-383A-A4B0-D3AB0C97A012}.MinSizeRel|x64.ActiveCfg = MinSizeRel|x64
		{DA56EBAC-146D-383A-A4B0-D3AB0C97A012}.RelWithDebInfo|x64.ActiveCfg = RelWithDebInfo|x64
		{ADFBD919-D090-3274-B7CB-A32C4ADF51BE}.Debug|x64.ActiveCfg = Debug|x64
		{ADFBD919-D090-3274-B7CB-A32C4ADF51BE}.Debug|x64.Build.0 = Debug|x64
		{ADFBD919-D090-3274-B7CB-A32C4ADF51BE}.Release|x64.ActiveCfg = Release|x64
		{ADFBD919-D090-3274-B7CB-A32C4ADF51BE}.Release|x64.Build.0 = Release|x64
		{ADFBD919-D090-3274-B7CB-A32C4ADF51BE}.MinSizeRel|x64.ActiveCfg = MinSizeRel|x64
		{ADFBD919-D090-3274-B7CB-A32C4ADF51BE}.MinSizeRel|x64.Build.0 = MinSizeRel|x64
		{ADFBD919-D090-3274-B7CB-A32C4ADF51BE}.RelWithDebInfo|x64.ActiveCfg = RelWithDebInfo|x64
		{ADFBD919-D090-3274-B7CB-A32C4ADF51BE}.RelWithDebInfo|x64.Build.0 = RelWithDebInfo|x64
		{D467F0BC-3F28-3CE9-88C6-FCC1E44303A6}.Debug|x64.ActiveCfg = Debug|x64
		{D467F0BC-3F28-3CE9-88C6-FCC1E44303A6}.Debug|x64.Build.0 = Debug|x64
		{D467F0BC-3F28-3CE9-88C6-FCC1E44303A6}.Release|x64.ActiveCfg = Release|x64
		{D467F0BC-3F28-3CE9-88C6-FCC1E44303A6}.Release|x64.Build.0 = Release|x64
		{D467F0BC-3F28-3CE9-88C6-FCC1E44303A6}.MinSizeRel|x64.ActiveCfg = MinSizeRel|x64
		{D467F0BC-3F28-3CE9-88C6-FCC1E44303A6}.MinSizeRel|x64.Build.0 = MinSizeRel|x64
		{D467F0BC-3F28-3CE9-88C6-FCC1E44303A6}.RelWithDebInfo|x64.ActiveCfg = RelWithDebInfo|x64
		{D467F0BC-3F28-3CE9-88C6-FCC1E44303A6}.RelWithDebInfo|x64.Build.0 = RelWithDebInfo|x64
		{6F1F0E86-A509-3974-BD3B-1BBAC4DF8DA5}.Debug|x64.ActiveCfg = Debug|x64
		{6F1F0E86-A509-3974-BD3B-1BBAC4DF8DA5}.Debug|x64.Build.0 = Debug|x64
		{6F1F0E86-A509-3974-BD3B-1BBAC4DF8DA5}.Release|x64.ActiveCfg = Release|x64
		{6F1F0E86-A509-3974-BD3B-1BBAC4DF8DA5}.Release|x64.Build.0 = Release|x64
		{6F1F0E86-A509-3974-BD3B-1BBAC4DF8DA5}.MinSizeRel|x64.ActiveCfg = MinSizeRel|x64
		{6F1F0E86-A509-3974-BD3B-1BBAC4DF8DA5}.MinSizeRel|x64.Build.0 = MinSizeRel|x64
		{6F1F0E86-A509-3974-BD3B-1BBAC4DF8DA5}.RelWithDebInfo|x64.ActiveCfg = RelWithDebInfo|x64
		{6F1F0E86-A509-3974-BD3B-1BBAC4DF8DA5}.RelWithDebInfo|x64.Build.0 = RelWithDebInfo|x64
	EndGlobalSection
	GlobalSection(ExtensibilityGlobals) = postSolution
		SolutionGuid = {A90047C3-703D-3EDA-8344-AACC4C8C7BD1}
	EndGlobalSection
	GlobalSection(ExtensibilityAddIns) = postSolution
	EndGlobalSection
EndGlobal
